
Microsoft Visual Studio Solution File, Format Version 12.00
# Visual Studio Version 16
VisualStudioVersion = 16.0.29709.97
MinimumVisualStudioVersion = 10.0.40219.1
Project("{FAE04EC0-301F-11D3-BF4B-00C04F79EFBC}") = "3dModelDisplay", "3dModelDisplay\3dModelDisplay.csproj", "{1736B6BA-7BC2-4965-A1BF-1ED31C8BBB10}"
EndProject
Global
	GlobalSection(SolutionConfigurationPlatforms) = preSolution
		Debug|Any CPU = Debug|Any CPU
		Release|Any CPU = Release|Any CPU
	EndGlobalSection
	GlobalSection(ProjectConfigurationPlatforms) = postSolution
		{1736B6BA-7BC2-4965-A1BF-1ED31C8BBB10}.Debug|Any CPU.ActiveCfg = Debug|Any CPU
		{1736B6BA-7BC2-4965-A1BF-1ED31C8BBB10}.Debug|Any CPU.Build.0 = Debug|Any CPU
		{1736B6BA-7BC2-4965-A1BF-1ED31C8BBB10}.Release|Any CPU.ActiveCfg = Release|Any CPU
		{1736B6BA-7BC2-4965-A1BF-1ED31C8BBB10}.Release|Any CPU.Build.0 = Release|Any CPU
	EndGlobalSection
	GlobalSection(SolutionProperties) = preSolution
		HideSolutionNode = FALSE
	EndGlobalSection
	GlobalSection(ExtensibilityGlobals) = postSolution
		SolutionGuid = {8E2649EE-1BA7-43BC-AB05-48019F7CB018}
	EndGlobalSection
EndGlobal
